
Microsoft Visual Studio Solution File, Format Version 12.00
# Visual Studio Version 17
VisualStudioVersion = 17.7.34024.191
MinimumVisualStudioVersion = 10.0.40219.1
Project("{FAE04EC0-301F-11D3-BF4B-00C04F79EFBC}") = "CleanArchitecture", "CleanArchitecture\CleanArchitecture.csproj", "{EB811F0A-6C82-4C8E-B898-ECA51605CBF9}"
EndProject
Project("{FAE04EC0-301F-11D3-BF4B-00C04F79EFBC}") = "Domain", "Domain\Domain.csproj", "{3D618319-32EA-4E3D-8AB3-5F93763E500C}"
EndProject
Project("{FAE04EC0-301F-11D3-BF4B-00C04F79EFBC}") = "Aplication", "Aplication\Aplication.csproj", "{5C1E448E-D067-4929-853B-C2C0D6643626}"
EndProject
Project("{FAE04EC0-301F-11D3-BF4B-00C04F79EFBC}") = "Infrastacture", "Infrastacture\Infrastacture.csproj", "{3892699E-4697-4297-A3FB-191EFFD1AB23}"
EndProject
Global
	GlobalSection(SolutionConfigurationPlatforms) = preSolution
		Debug|Any CPU = Debug|Any CPU
		Release|Any CPU = Release|Any CPU
	EndGlobalSection
	GlobalSection(ProjectConfigurationPlatforms) = postSolution
		{EB811F0A-6C82-4C8E-B898-ECA51605CBF9}.Debug|Any CPU.ActiveCfg = Debug|Any CPU
		{EB811F0A-6C82-4C8E-B898-ECA51605CBF9}.Debug|Any CPU.Build.0 = Debug|Any CPU
		{EB811F0A-6C82-4C8E-B898-ECA51605CBF9}.Release|Any CPU.ActiveCfg = Release|Any CPU
		{EB811F0A-6C82-4C8E-B898-ECA51605CBF9}.Release|Any CPU.Build.0 = Release|Any CPU
		{3D618319-32EA-4E3D-8AB3-5F93763E500C}.Debug|Any CPU.ActiveCfg = Debug|Any CPU
		{3D618319-32EA-4E3D-8AB3-5F93763E500C}.Debug|Any CPU.Build.0 = Debug|Any CPU
		{3D618319-32EA-4E3D-8AB3-5F93763E500C}.Release|Any CPU.ActiveCfg = Release|Any CPU
		{3D618319-32EA-4E3D-8AB3-5F93763E500C}.Release|Any CPU.Build.0 = Release|Any CPU
		{5C1E448E-D067-4929-853B-C2C0D6643626}.Debug|Any CPU.ActiveCfg = Debug|Any CPU
		{5C1E448E-D067-4929-853B-C2C0D6643626}.Debug|Any CPU.Build.0 = Debug|Any CPU
		{5C1E448E-D067-4929-853B-C2C0D6643626}.Release|Any CPU.ActiveCfg = Release|Any CPU
		{5C1E448E-D067-4929-853B-C2C0D6643626}.Release|Any CPU.Build.0 = Release|Any CPU
		{3892699E-4697-4297-A3FB-191EFFD1AB23}.Debug|Any CPU.ActiveCfg = Debug|Any CPU
		{3892699E-4697-4297-A3FB-191EFFD1AB23}.Debug|Any CPU.Build.0 = Debug|Any CPU
		{3892699E-4697-4297-A3FB-191EFFD1AB23}.Release|Any CPU.ActiveCfg = Release|Any CPU
		{3892699E-4697-4297-A3FB-191EFFD1AB23}.Release|Any CPU.Build.0 = Release|Any CPU
	EndGlobalSection
	GlobalSection(SolutionProperties) = preSolution
		HideSolutionNode = FALSE
	EndGlobalSection
	GlobalSection(ExtensibilityGlobals) = postSolution
		SolutionGuid = {DC2F4D4D-0494-4F9C-8479-D07B5C82530D}
	EndGlobalSection
EndGlobal
