
Microsoft Visual Studio Solution File, Format Version 12.00
# Visual Studio Version 17
VisualStudioVersion = 17.7.34024.191
MinimumVisualStudioVersion = 10.0.40219.1
Project("{FAE04EC0-301F-11D3-BF4B-00C04F79EFBC}") = "EfCoreConfigration", "EfCoreConfigration\EfCoreConfigration.csproj", "{35B17D64-C5AD-4F74-8227-EE926525DA30}"
EndProject
Global
	GlobalSection(SolutionConfigurationPlatforms) = preSolution
		Debug|Any CPU = Debug|Any CPU
		Release|Any CPU = Release|Any CPU
	EndGlobalSection
	GlobalSection(ProjectConfigurationPlatforms) = postSolution
		{35B17D64-C5AD-4F74-8227-EE926525DA30}.Debug|Any CPU.ActiveCfg = Debug|Any CPU
		{35B17D64-C5AD-4F74-8227-EE926525DA30}.Debug|Any CPU.Build.0 = Debug|Any CPU
		{35B17D64-C5AD-4F74-8227-EE926525DA30}.Release|Any CPU.ActiveCfg = Release|Any CPU
		{35B17D64-C5AD-4F74-8227-EE926525DA30}.Release|Any CPU.Build.0 = Release|Any CPU
	EndGlobalSection
	GlobalSection(SolutionProperties) = preSolution
		HideSolutionNode = FALSE
	EndGlobalSection
	GlobalSection(ExtensibilityGlobals) = postSolution
		SolutionGuid = {C045B9CD-A32F-42FA-A49A-825DFD110EEF}
	EndGlobalSection
EndGlobal
